
Microsoft Visual Studio Solution File, Format Version 12.00
# Visual Studio 15
VisualStudioVersion = 15.0.28307.757
MinimumVisualStudioVersion = 10.0.40219.1
Project("{F184B08F-C81C-45F6-A57F-5ABD9991F28F}") = "libBAUtil", "libBAUtil.vbproj", "{4582DF40-754A-422D-8FD6-E1F9F594A6BD}"
EndProject
Project("{F184B08F-C81C-45F6-A57F-5ABD9991F28F}") = "libBaUtilTest", "..\..\..\zTEST\libBaUtilTest\libBaUtilTest\libBaUtilTest.vbproj", "{0C920A3C-7D35-4B23-940A-C44D5FDC15E5}"
EndProject
Project("{F184B08F-C81C-45F6-A57F-5ABD9991F28F}") = "libSTAUtil", "..\..\..\INCLUDE\libSTAUtil\libSTAUtil.vbproj", "{0FAE8368-DDDA-48FC-88F0-F3B7526694FF}"
EndProject
Global
	GlobalSection(SolutionConfigurationPlatforms) = preSolution
		Debug|Any CPU = Debug|Any CPU
		Release|Any CPU = Release|Any CPU
	EndGlobalSection
	GlobalSection(ProjectConfigurationPlatforms) = postSolution
		{4582DF40-754A-422D-8FD6-E1F9F594A6BD}.Debug|Any CPU.ActiveCfg = Debug|Any CPU
		{4582DF40-754A-422D-8FD6-E1F9F594A6BD}.Debug|Any CPU.Build.0 = Debug|Any CPU
		{4582DF40-754A-422D-8FD6-E1F9F594A6BD}.Release|Any CPU.ActiveCfg = Release|Any CPU
		{4582DF40-754A-422D-8FD6-E1F9F594A6BD}.Release|Any CPU.Build.0 = Release|Any CPU
		{0C920A3C-7D35-4B23-940A-C44D5FDC15E5}.Debug|Any CPU.ActiveCfg = Debug|Any CPU
		{0C920A3C-7D35-4B23-940A-C44D5FDC15E5}.Debug|Any CPU.Build.0 = Debug|Any CPU
		{0C920A3C-7D35-4B23-940A-C44D5FDC15E5}.Release|Any CPU.ActiveCfg = Release|Any CPU
		{0C920A3C-7D35-4B23-940A-C44D5FDC15E5}.Release|Any CPU.Build.0 = Release|Any CPU
		{0FAE8368-DDDA-48FC-88F0-F3B7526694FF}.Debug|Any CPU.ActiveCfg = Debug|Any CPU
		{0FAE8368-DDDA-48FC-88F0-F3B7526694FF}.Debug|Any CPU.Build.0 = Debug|Any CPU
		{0FAE8368-DDDA-48FC-88F0-F3B7526694FF}.Release|Any CPU.ActiveCfg = Release|Any CPU
		{0FAE8368-DDDA-48FC-88F0-F3B7526694FF}.Release|Any CPU.Build.0 = Release|Any CPU
	EndGlobalSection
	GlobalSection(SolutionProperties) = preSolution
		HideSolutionNode = FALSE
	EndGlobalSection
	GlobalSection(ExtensibilityGlobals) = postSolution
		SolutionGuid = {7ED4E8B0-B815-4CDF-BE22-9653C09D5BE4}
	EndGlobalSection
EndGlobal
